mosaic_commit: 86432e3e393aecca307be356e514c95981177b7c
lock_updated: '2026-10-06'
files:
- id: genes_Apul
  md5: 6d9c7c720951658ab7c4a552c9bfc926
  bytes: 5319552.0
  fetched_on: '2026-10-06'
- id: genes_Peve
  md5: 2bf812e537f6c901d3b1d6f659c31398
  bytes: 4833568.0
  fetched_on: '2026-10-06'
- id: genes_Ptuh
  md5: 4ab30984dc7d58f7d67081d09278bacc
  bytes: 5300489.0
  fetched_on: '2026-10-06'
- id: mirna_Apul
  md5: 5f63500760989ea2effa22ea4bbf961c
  bytes: 8794.0
  fetched_on: '2026-10-06'
- id: mirna_Peve
  md5: 48f31811f25d04767adb0ec0fe62443a
  bytes: 7108.0
  fetched_on: '2026-10-06'
- id: mirna_Ptuh
  md5: 10209712f953cba5ac2674ae63ace7e2
  bytes: 7053.0
  fetched_on: '2026-10-06'
- id: lncrna_Apul
  md5: 5aeb38c643298bbc3f0d8520964d157e
  bytes: 3753789.0
  fetched_on: '2026-10-06'
- id: lncrna_Peve
  md5: ec6e720bcde1cf6c606a29e0e652f749
  bytes: 1896823.0
  fetched_on: '2026-10-06'
- id: lncrna_Ptuh
  md5: fbeaf0fda52378f611f779efb3eb004f
  bytes: 3004224.0
  fetched_on: '2026-10-06'
- id: cpg_Apul
  md5: 47135a4e5302b908a39bdd50c14dd7cf
  bytes: 2.5275131e+07
  fetched_on: '2026-10-06'
- id: cpg_Peve
  md5: 0840708bad79d61e5e55405d6c9a5a75
  bytes: 6.3828122e+07
  fetched_on: '2026-10-06'
- id: cpg_Ptuh
  md5: 6d200bd90e427869b78c8e643c1e156b
  bytes: 3.9664487e+08
  fetched_on: '2026-10-06'
- id: metabolomics
  md5: 210731535861bd44f626267ed158f605
  bytes: 229766.0
  fetched_on: '2026-10-06'
- id: lipidomics
  md5: 6da212cbf7816f1f426d5c1bb33caaaa
  bytes: 632949.0
  fetched_on: '2026-10-06'
- id: physiology
  md5: a88028dd07a17945fc1e61d2e6cbefe3
  bytes: 355019.0
  fetched_on: '2026-10-06'
- id: its2
  md5: f82988f58109f845113b901dc0ec7d3a
  bytes: 85385.0
  fetched_on: '2026-10-06'
- id: orthologs_three_way
  md5: c97f836634ffe3c954da66f057f9537d
  bytes: 7628171.0
  fetched_on: '2026-10-06'
- id: orthologs_annotated
  md5: 68077915d6031cfae8587ceca06ba048
  bytes: 1.0144193e+07
  fetched_on: '2026-10-06'
- id: temperature
  md5: 53b034248359ba4a40f73f22ed2dd336
  bytes: 1.0925858e+07
  fetched_on: '2026-10-06'
- id: gff_Apul
  md5: a7ffef0ed79ec223aa0ffca90a2720ce
  bytes: 4.654821e+07
  fetched_on: '2026-10-06'
- id: gff_Peve
  md5: aa9fbc27f31a1e4c643a67bb004a50c2
  bytes: 5.51383e+07
  fetched_on: '2026-10-06'
- id: gff_Ptuh
  md5: bca9c5a378c3b20592fee38d4dd4f722
  bytes: 8.7247609e+07
  fetched_on: '2026-10-06'
